// !$*UTF8*$!
{
	archiveVersion = 1;
	classes = {
	};
	objectVersion = 55;
	objects = {

/* Begin PBXBuildFile section */
		20C142D62846372500E9C574 /* FavoritePrimesApp.swift in Sources */ = {isa = PBXBuildFile; fileRef = 20C142D52846372500E9C574 /* FavoritePrimesApp.swift */; };
		20C142D82846372500E9C574 /* ContentView.swift in Sources */ = {isa = PBXBuildFile; fileRef = 20C142D72846372500E9C574 /* ContentView.swift */; };
		20C142DA2846372600E9C574 /* Assets.xcassets in Resources */ = {isa = PBXBuildFile; fileRef = 20C142D92846372600E9C574 /* Assets.xcassets */; };
		20C142DD2846372600E9C574 /* Preview Assets.xcassets in Resources */ = {isa = PBXBuildFile; fileRef = 20C142DC2846372600E9C574 /* Preview Assets.xcassets */; };
		20C142E62846391600E9C574 /* FavoritePrimesView.swift in Sources */ = {isa = PBXBuildFile; fileRef = 20C142E52846391600E9C574 /* FavoritePrimesView.swift */; };
		20C142E82846393400E9C574 /* IsPrimeModalView.swift in Sources */ = {isa = PBXBuildFile; fileRef = 20C142E72846393400E9C574 /* IsPrimeModalView.swift */; };
		20C142EA2846394D00E9C574 /* CounterView.swift in Sources */ = {isa = PBXBuildFile; fileRef = 20C142E92846394D00E9C574 /* CounterView.swift */; };
		20C142ED284639A200E9C574 /* PrimeAlert.swift in Sources */ = {isa = PBXBuildFile; fileRef = 20C142EC284639A200E9C574 /* PrimeAlert.swift */; };
		20C142F0284639CC00E9C574 /* Logging.swift in Sources */ = {isa = PBXBuildFile; fileRef = 20C142EF284639CC00E9C574 /* Logging.swift */; };
		20C142F228463A0400E9C574 /* AppState.swift in Sources */ = {isa = PBXBuildFile; fileRef = 20C142F128463A0400E9C574 /* AppState.swift */; };
		20C142F528463A3F00E9C574 /* AppAction.swift in Sources */ = {isa = PBXBuildFile; fileRef = 20C142F428463A3F00E9C574 /* AppAction.swift */; };
		20C142F728463A5500E9C574 /* CounterAction.swift in Sources */ = {isa = PBXBuildFile; fileRef = 20C142F628463A5500E9C574 /* CounterAction.swift */; };
		20C142F928463A6800E9C574 /* PrimeModalAction.swift in Sources */ = {isa = PBXBuildFile; fileRef = 20C142F828463A6800E9C574 /* PrimeModalAction.swift */; };
		20C142FB28463A7F00E9C574 /* FavoritePrimesAction.swift in Sources */ = {isa = PBXBuildFile; fileRef = 20C142FA28463A7F00E9C574 /* FavoritePrimesAction.swift */; };
		20C142FD28463AB200E9C574 /* CounterReducer.swift in Sources */ = {isa = PBXBuildFile; fileRef = 20C142FC28463AB200E9C574 /* CounterReducer.swift */; };
		20C142FF28463AC400E9C574 /* PrimeModalReducer.swift in Sources */ = {isa = PBXBuildFile; fileRef = 20C142FE28463AC400E9C574 /* PrimeModalReducer.swift */; };
		20C1430128463ADE00E9C574 /* FavoritePrimesReducer.swift in Sources */ = {isa = PBXBuildFile; fileRef = 20C1430028463ADE00E9C574 /* FavoritePrimesReducer.swift */; };
		20C1430428463B3E00E9C574 /* Combine.swift in Sources */ = {isa = PBXBuildFile; fileRef = 20C1430328463B3E00E9C574 /* Combine.swift */; };
		20C1430628463B5500E9C574 /* Store.swift in Sources */ = {isa = PBXBuildFile; fileRef = 20C1430528463B5500E9C574 /* Store.swift */; };
		20C1430828463B6900E9C574 /* Pullback.swift in Sources */ = {isa = PBXBuildFile; fileRef = 20C1430728463B6900E9C574 /* Pullback.swift */; };
		20C1430A28463B8200E9C574 /* KeyPath.swift in Sources */ = {isa = PBXBuildFile; fileRef = 20C1430928463B8200E9C574 /* KeyPath.swift */; };
		20C1430C28463B9B00E9C574 /* EnumKeyPath.swift in Sources */ = {isa = PBXBuildFile; fileRef = 20C1430B28463B9B00E9C574 /* EnumKeyPath.swift */; };
		20C1430E28463BC400E9C574 /* ActivityFeed.swift in Sources */ = {isa = PBXBuildFile; fileRef = 20C1430D28463BC400E9C574 /* ActivityFeed.swift */; };
		20C1431028463C7100E9C574 /* Utils.swift in Sources */ = {isa = PBXBuildFile; fileRef = 20C1430F28463C7100E9C574 /* Utils.swift */; };
/* End PBXBuildFile section */

/* Begin PBXFileReference section */
		20C142D22846372500E9C574 /* FavoritePrimes.app */ = {isa = PBXFileReference; explicitFileType = wrapper.application; includeInIndex = 0; path = FavoritePrimes.app; sourceTree = BUILT_PRODUCTS_DIR; };
		20C142D52846372500E9C574 /* FavoritePrimesApp.swift */ = {isa = PBXFileReference; lastKnownFileType = sourcecode.swift; path = FavoritePrimesApp.swift; sourceTree = "<group>"; };
		20C142D72846372500E9C574 /* ContentView.swift */ = {isa = PBXFileReference; lastKnownFileType = sourcecode.swift; path = ContentView.swift; sourceTree = "<group>"; };
		20C142D92846372600E9C574 /* Assets.xcassets */ = {isa = PBXFileReference; lastKnownFileType = folder.assetcatalog; path = Assets.xcassets; sourceTree = "<group>"; };
		20C142DC2846372600E9C574 /* Preview Assets.xcassets */ = {isa = PBXFileReference; lastKnownFileType = folder.assetcatalog; path = "Preview Assets.xcassets"; sourceTree = "<group>"; };
		20C142E52846391600E9C574 /* FavoritePrimesView.swift */ = {isa = PBXFileReference; lastKnownFileType = sourcecode.swift; path = FavoritePrimesView.swift; sourceTree = "<group>"; };
		20C142E72846393400E9C574 /* IsPrimeModalView.swift */ = {isa = PBXFileReference; lastKnownFileType = sourcecode.swift; path = IsPrimeModalView.swift; sourceTree = "<group>"; };
		20C142E92846394D00E9C574 /* CounterView.swift */ = {isa = PBXFileReference; lastKnownFileType = sourcecode.swift; path = CounterView.swift; sourceTree = "<group>"; };
		20C142EC284639A200E9C574 /* PrimeAlert.swift */ = {isa = PBXFileReference; lastKnownFileType = sourcecode.swift; path = PrimeAlert.swift; sourceTree = "<group>"; };
		20C142EF284639CC00E9C574 /* Logging.swift */ = {isa = PBXFileReference; lastKnownFileType = sourcecode.swift; path = Logging.swift; sourceTree = "<group>"; };
		20C142F128463A0400E9C574 /* AppState.swift */ = {isa = PBXFileReference; lastKnownFileType = sourcecode.swift; path = AppState.swift; sourceTree = "<group>"; };
		20C142F428463A3F00E9C574 /* AppAction.swift */ = {isa = PBXFileReference; lastKnownFileType = sourcecode.swift; path = AppAction.swift; sourceTree = "<group>"; };
		20C142F628463A5500E9C574 /* CounterAction.swift */ = {isa = PBXFileReference; lastKnownFileType = sourcecode.swift; path = CounterAction.swift; sourceTree = "<group>"; };
		20C142F828463A6800E9C574 /* PrimeModalAction.swift */ = {isa = PBXFileReference; lastKnownFileType = sourcecode.swift; path = PrimeModalAction.swift; sourceTree = "<group>"; };
		20C142FA28463A7F00E9C574 /* FavoritePrimesAction.swift */ = {isa = PBXFileReference; lastKnownFileType = sourcecode.swift; path = FavoritePrimesAction.swift; sourceTree = "<group>"; };
		20C142FC28463AB200E9C574 /* CounterReducer.swift */ = {isa = PBXFileReference; lastKnownFileType = sourcecode.swift; path = CounterReducer.swift; sourceTree = "<group>"; };
		20C142FE28463AC400E9C574 /* PrimeModalReducer.swift */ = {isa = PBXFileReference; lastKnownFileType = sourcecode.swift; path = PrimeModalReducer.swift; sourceTree = "<group>"; };
		20C1430028463ADE00E9C574 /* FavoritePrimesReducer.swift */ = {isa = PBXFileReference; lastKnownFileType = sourcecode.swift; path = FavoritePrimesReducer.swift; sourceTree = "<group>"; };
		20C1430328463B3E00E9C574 /* Combine.swift */ = {isa = PBXFileReference; lastKnownFileType = sourcecode.swift; path = Combine.swift; sourceTree = "<group>"; };
		20C1430528463B5500E9C574 /* Store.swift */ = {isa = PBXFileReference; lastKnownFileType = sourcecode.swift; path = Store.swift; sourceTree = "<group>"; };
		20C1430728463B6900E9C574 /* Pullback.swift */ = {isa = PBXFileReference; lastKnownFileType = sourcecode.swift; path = Pullback.swift; sourceTree = "<group>"; };
		20C1430928463B8200E9C574 /* KeyPath.swift */ = {isa = PBXFileReference; lastKnownFileType = sourcecode.swift; path = KeyPath.swift; sourceTree = "<group>"; };
		20C1430B28463B9B00E9C574 /* EnumKeyPath.swift */ = {isa = PBXFileReference; lastKnownFileType = sourcecode.swift; path = EnumKeyPath.swift; sourceTree = "<group>"; };
		20C1430D28463BC400E9C574 /* ActivityFeed.swift */ = {isa = PBXFileReference; lastKnownFileType = sourcecode.swift; path = ActivityFeed.swift; sourceTree = "<group>"; };
		20C1430F28463C7100E9C574 /* Utils.swift */ = {isa = PBXFileReference; lastKnownFileType = sourcecode.swift; path = Utils.swift; sourceTree = "<group>"; };
/* End PBXFileReference section */

/* Begin PBXFrameworksBuildPhase section */
		20C142CF2846372500E9C574 /* Frameworks */ = {
			isa = PBXFrameworksBuildPhase;
			buildActionMask = 2147483647;
			files = (
			);
			runOnlyForDeploymentPostprocessing = 0;
		};
/* End PBXFrameworksBuildPhase section */

/* Begin PBXGroup section */
		20C142C92846372400E9C574 = {
			isa = PBXGroup;
			children = (
				20C142D42846372500E9C574 /* FavoritePrimes */,
				20C142D32846372500E9C574 /* Products */,
			);
			sourceTree = "<group>";
		};
		20C142D32846372500E9C574 /* Products */ = {
			isa = PBXGroup;
			children = (
				20C142D22846372500E9C574 /* FavoritePrimes.app */,
			);
			name = Products;
			sourceTree = "<group>";
		};
		20C142D42846372500E9C574 /* FavoritePrimes */ = {
			isa = PBXGroup;
			children = (
				20C142E3284638DA00E9C574 /* App */,
				20C142F328463A3400E9C574 /* Actions */,
				20C1430228463AFB00E9C574 /* Library */,
				20C142EB2846397800E9C574 /* Models */,
				20C142EE284639B500E9C574 /* Reducers */,
				20C142E4284638E100E9C574 /* Screens */,
				20C142D92846372600E9C574 /* Assets.xcassets */,
				20C142DB2846372600E9C574 /* Preview Content */,
			);
			path = FavoritePrimes;
			sourceTree = "<group>";
		};
		20C142DB2846372600E9C574 /* Preview Content */ = {
			isa = PBXGroup;
			children = (
				20C142DC2846372600E9C574 /* Preview Assets.xcassets */,
			);
			path = "Preview Content";
			sourceTree = "<group>";
		};
		20C142E3284638DA00E9C574 /* App */ = {
			isa = PBXGroup;
			children = (
				20C142D52846372500E9C574 /* FavoritePrimesApp.swift */,
			);
			path = App;
			sourceTree = "<group>";
		};
		20C142E4284638E100E9C574 /* Screens */ = {
			isa = PBXGroup;
			children = (
				20C142D72846372500E9C574 /* ContentView.swift */,
				20C142E92846394D00E9C574 /* CounterView.swift */,
				20C142E52846391600E9C574 /* FavoritePrimesView.swift */,
				20C142E72846393400E9C574 /* IsPrimeModalView.swift */,
			);
			path = Screens;
			sourceTree = "<group>";
		};
		20C142EB2846397800E9C574 /* Models */ = {
			isa = PBXGroup;
			children = (
				20C142F128463A0400E9C574 /* AppState.swift */,
				20C142EC284639A200E9C574 /* PrimeAlert.swift */,
				20C1430528463B5500E9C574 /* Store.swift */,
			);
			path = Models;
			sourceTree = "<group>";
		};
		20C142EE284639B500E9C574 /* Reducers */ = {
			isa = PBXGroup;
			children = (
				20C1430D28463BC400E9C574 /* ActivityFeed.swift */,
				20C142FC28463AB200E9C574 /* CounterReducer.swift */,
				20C1430028463ADE00E9C574 /* FavoritePrimesReducer.swift */,
				20C142EF284639CC00E9C574 /* Logging.swift */,
				20C142FE28463AC400E9C574 /* PrimeModalReducer.swift */,
			);
			path = Reducers;
			sourceTree = "<group>";
		};
		20C142F328463A3400E9C574 /* Actions */ = {
			isa = PBXGroup;
			children = (
				20C142F428463A3F00E9C574 /* AppAction.swift */,
				20C142F628463A5500E9C574 /* CounterAction.swift */,
				20C142FA28463A7F00E9C574 /* FavoritePrimesAction.swift */,
				20C142F828463A6800E9C574 /* PrimeModalAction.swift */,
			);
			path = Actions;
			sourceTree = "<group>";
		};
		20C1430228463AFB00E9C574 /* Library */ = {
			isa = PBXGroup;
			children = (
				20C1430328463B3E00E9C574 /* Combine.swift */,
				20C1430B28463B9B00E9C574 /* EnumKeyPath.swift */,
				20C1430928463B8200E9C574 /* KeyPath.swift */,
				20C1430728463B6900E9C574 /* Pullback.swift */,
				20C1430F28463C7100E9C574 /* Utils.swift */,
			);
			path = Library;
			sourceTree = "<group>";
		};
/* End PBXGroup section */

/* Begin PBXNativeTarget section */
		20C142D12846372500E9C574 /* FavoritePrimes */ = {
			isa = PBXNativeTarget;
			buildConfigurationList = 20C142E02846372600E9C574 /* Build configuration list for PBXNativeTarget "FavoritePrimes" */;
			buildPhases = (
				20C142CE2846372500E9C574 /* Sources */,
				20C142CF2846372500E9C574 /* Frameworks */,
				20C142D02846372500E9C574 /* Resources */,
			);
			buildRules = (
			);
			dependencies = (
			);
			name = FavoritePrimes;
			productName = FavoritePrimes;
			productReference = 20C142D22846372500E9C574 /* FavoritePrimes.app */;
			productType = "com.apple.product-type.application";
		};
/* End PBXNativeTarget section */

/* Begin PBXProject section */
		20C142CA2846372400E9C574 /* Project object */ = {
			isa = PBXProject;
			attributes = {
				BuildIndependentTargetsInParallel = 1;
				LastSwiftUpdateCheck = 1330;
				LastUpgradeCheck = 1330;
				TargetAttributes = {
					20C142D12846372500E9C574 = {
						CreatedOnToolsVersion = 13.3;
					};
				};
			};
			buildConfigurationList = 20C142CD2846372400E9C574 /* Build configuration list for PBXProject "FavoritePrimes" */;
			compatibilityVersion = "Xcode 13.0";
			developmentRegion = en;
			hasScannedForEncodings = 0;
			knownRegions = (
				en,
				Base,
			);
			mainGroup = 20C142C92846372400E9C574;
			productRefGroup = 20C142D32846372500E9C574 /* Products */;
			projectDirPath = "";
			projectRoot = "";
			targets = (
				20C142D12846372500E9C574 /* FavoritePrimes */,
			);
		};
/* End PBXProject section */

/* Begin PBXResourcesBuildPhase section */
		20C142D02846372500E9C574 /* Resources */ = {
			isa = PBXResourcesBuildPhase;
			buildActionMask = 2147483647;
			files = (
				20C142DD2846372600E9C574 /* Preview Assets.xcassets in Resources */,
				20C142DA2846372600E9C574 /* Assets.xcassets in Resources */,
			);
			runOnlyForDeploymentPostprocessing = 0;
		};
/* End PBXResourcesBuildPhase section */

/* Begin PBXSourcesBuildPhase section */
		20C142CE2846372500E9C574 /* Sources */ = {
			isa = PBXSourcesBuildPhase;
			buildActionMask = 2147483647;
			files = (
				20C142E62846391600E9C574 /* FavoritePrimesView.swift in Sources */,
				20C1430A28463B8200E9C574 /* KeyPath.swift in Sources */,
				20C142D82846372500E9C574 /* ContentView.swift in Sources */,
				20C142E82846393400E9C574 /* IsPrimeModalView.swift in Sources */,
				20C142FB28463A7F00E9C574 /* FavoritePrimesAction.swift in Sources */,
				20C142FF28463AC400E9C574 /* PrimeModalReducer.swift in Sources */,
				20C1430428463B3E00E9C574 /* Combine.swift in Sources */,
				20C1431028463C7100E9C574 /* Utils.swift in Sources */,
				20C1430C28463B9B00E9C574 /* EnumKeyPath.swift in Sources */,
				20C142F228463A0400E9C574 /* AppState.swift in Sources */,
				20C1430128463ADE00E9C574 /* FavoritePrimesReducer.swift in Sources */,
				20C1430E28463BC400E9C574 /* ActivityFeed.swift in Sources */,
				20C142F928463A6800E9C574 /* PrimeModalAction.swift in Sources */,
				20C142FD28463AB200E9C574 /* CounterReducer.swift in Sources */,
				20C1430628463B5500E9C574 /* Store.swift in Sources */,
				20C1430828463B6900E9C574 /* Pullback.swift in Sources */,
				20C142F728463A5500E9C574 /* CounterAction.swift in Sources */,
				20C142F528463A3F00E9C574 /* AppAction.swift in Sources */,
				20C142F0284639CC00E9C574 /* Logging.swift in Sources */,
				20C142D62846372500E9C574 /* FavoritePrimesApp.swift in Sources */,
				20C142ED284639A200E9C574 /* PrimeAlert.swift in Sources */,
				20C142EA2846394D00E9C574 /* CounterView.swift in Sources */,
			);
			runOnlyForDeploymentPostprocessing = 0;
		};
/* End PBXSourcesBuildPhase section */

/* Begin XCBuildConfiguration section */
		20C142DE2846372600E9C574 /* Debug */ = {
			isa = XCBuildConfiguration;
			buildSettings = {
				ALWAYS_SEARCH_USER_PATHS = NO;
				CLANG_ANALYZER_NONNULL = YES;
				CLANG_ANALYZER_NUMBER_OBJECT_CONVERSION = YES_AGGRESSIVE;
				CLANG_CXX_LANGUAGE_STANDARD = "gnu++17";
				CLANG_ENABLE_MODULES = YES;
				CLANG_ENABLE_OBJC_ARC = YES;
				CLANG_ENABLE_OBJC_WEAK = YES;
				CLANG_WARN_BLOCK_CAPTURE_AUTORELEASING = YES;
				CLANG_WARN_BOOL_CONVERSION = YES;
				CLANG_WARN_COMMA = YES;
				CLANG_WARN_CONSTANT_CONVERSION = YES;
				CLANG_WARN_DEPRECATED_OBJC_IMPLEMENTATIONS = YES;
				CLANG_WARN_DIRECT_OBJC_ISA_USAGE = YES_ERROR;
				CLANG_WARN_DOCUMENTATION_COMMENTS = YES;
				CLANG_WARN_EMPTY_BODY = YES;
				CLANG_WARN_ENUM_CONVERSION = YES;
				CLANG_WARN_INFINITE_RECURSION = YES;
				CLANG_WARN_INT_CONVERSION = YES;
				CLANG_WARN_NON_LITERAL_NULL_CONVERSION = YES;
				CLANG_WARN_OBJC_IMPLICIT_RETAIN_SELF = YES;
				CLANG_WARN_OBJC_LITERAL_CONVERSION = YES;
				CLANG_WARN_OBJC_ROOT_CLASS = YES_ERROR;
				CLANG_WARN_QUOTED_INCLUDE_IN_FRAMEWORK_HEADER = YES;
				CLANG_WARN_RANGE_LOOP_ANALYSIS = YES;
				CLANG_WARN_STRICT_PROTOTYPES = YES;
				CLANG_WARN_SUSPICIOUS_MOVE = YES;
				CLANG_WARN_UNGUARDED_AVAILABILITY = YES_AGGRESSIVE;
				CLANG_WARN_UNREACHABLE_CODE = YES;
				CLANG_WARN__DUPLICATE_METHOD_MATCH = YES;
				COPY_PHASE_STRIP = NO;
				DEBUG_INFORMATION_FORMAT = dwarf;
				ENABLE_STRICT_OBJC_MSGSEND = YES;
				ENABLE_TESTABILITY = YES;
				GCC_C_LANGUAGE_STANDARD = gnu11;
				GCC_DYNAMIC_NO_PIC = NO;
				GCC_NO_COMMON_BLOCKS = YES;
				GCC_OPTIMIZATION_LEVEL = 0;
				GCC_PREPROCESSOR_DEFINITIONS = (
					"DEBUG=1",
					"$(inherited)",
				);
				GCC_WARN_64_TO_32_BIT_CONVERSION = YES;
				GCC_WARN_ABOUT_RETURN_TYPE = YES_ERROR;
				GCC_WARN_UNDECLARED_SELECTOR = YES;
				GCC_WARN_UNINITIALIZED_AUTOS = YES_AGGRESSIVE;
				GCC_WARN_UNUSED_FUNCTION = YES;
				GCC_WARN_UNUSED_VARIABLE = YES;
				IPHONEOS_DEPLOYMENT_TARGET = 15.4;
				MTL_ENABLE_DEBUG_INFO = INCLUDE_SOURCE;
				MTL_FAST_MATH = YES;
				ONLY_ACTIVE_ARCH = YES;
				SDKROOT = iphoneos;
				SWIFT_ACTIVE_COMPILATION_CONDITIONS = DEBUG;
				SWIFT_OPTIMIZATION_LEVEL = "-Onone";
			};
			name = Debug;
		};
		20C142DF2846372600E9C574 /* Release */ = {
			isa = XCBuildConfiguration;
			buildSettings = {
				ALWAYS_SEARCH_USER_PATHS = NO;
				CLANG_ANALYZER_NONNULL = YES;
				CLANG_ANALYZER_NUMBER_OBJECT_CONVERSION = YES_AGGRESSIVE;
				CLANG_CXX_LANGUAGE_STANDARD = "gnu++17";
				CLANG_ENABLE_MODULES = YES;
				CLANG_ENABLE_OBJC_ARC = YES;
				CLANG_ENABLE_OBJC_WEAK = YES;
				CLANG_WARN_BLOCK_CAPTURE_AUTORELEASING = YES;
				CLANG_WARN_BOOL_CONVERSION = YES;
				CLANG_WARN_COMMA = YES;
				CLANG_WARN_CONSTANT_CONVERSION = YES;
				CLANG_WARN_DEPRECATED_OBJC_IMPLEMENTATIONS = YES;
				CLANG_WARN_DIRECT_OBJC_ISA_USAGE = YES_ERROR;
				CLANG_WARN_DOCUMENTATION_COMMENTS = YES;
				CLANG_WARN_EMPTY_BODY = YES;
				CLANG_WARN_ENUM_CONVERSION = YES;
				CLANG_WARN_INFINITE_RECURSION = YES;
				CLANG_WARN_INT_CONVERSION = YES;
				CLANG_WARN_NON_LITERAL_NULL_CONVERSION = YES;
				CLANG_WARN_OBJC_IMPLICIT_RETAIN_SELF = YES;
				CLANG_WARN_OBJC_LITERAL_CONVERSION = YES;
				CLANG_WARN_OBJC_ROOT_CLASS = YES_ERROR;
				CLANG_WARN_QUOTED_INCLUDE_IN_FRAMEWORK_HEADER = YES;
				CLANG_WARN_RANGE_LOOP_ANALYSIS = YES;
				CLANG_WARN_STRICT_PROTOTYPES = YES;
				CLANG_WARN_SUSPICIOUS_MOVE = YES;
				CLANG_WARN_UNGUARDED_AVAILABILITY = YES_AGGRESSIVE;
				CLANG_WARN_UNREACHABLE_CODE = YES;
				CLANG_WARN__DUPLICATE_METHOD_MATCH = YES;
				COPY_PHASE_STRIP = NO;
				DEBUG_INFORMATION_FORMAT = "dwarf-with-dsym";
				ENABLE_NS_ASSERTIONS = NO;
				ENABLE_STRICT_OBJC_MSGSEND = YES;
				GCC_C_LANGUAGE_STANDARD = gnu11;
				GCC_NO_COMMON_BLOCKS = YES;
				GCC_WARN_64_TO_32_BIT_CONVERSION = YES;
				GCC_WARN_ABOUT_RETURN_TYPE = YES_ERROR;
				GCC_WARN_UNDECLARED_SELECTOR = YES;
				GCC_WARN_UNINITIALIZED_AUTOS = YES_AGGRESSIVE;
				GCC_WARN_UNUSED_FUNCTION = YES;
				GCC_WARN_UNUSED_VARIABLE = YES;
				IPHONEOS_DEPLOYMENT_TARGET = 15.4;
				MTL_ENABLE_DEBUG_INFO = NO;
				MTL_FAST_MATH = YES;
				SDKROOT = iphoneos;
				SWIFT_COMPILATION_MODE = wholemodule;
				SWIFT_OPTIMIZATION_LEVEL = "-O";
				VALIDATE_PRODUCT = YES;
			};
			name = Release;
		};
		20C142E12846372600E9C574 /* Debug */ = {
			isa = XCBuildConfiguration;
			buildSettings = {
				ASSETCATALOG_COMPILER_APPICON_NAME = AppIcon;
				ASSETCATALOG_COMPILER_GLOBAL_ACCENT_COLOR_NAME = AccentColor;
				CODE_SIGN_STYLE = Automatic;
				CURRENT_PROJECT_VERSION = 1;
				DEVELOPMENT_ASSET_PATHS = "\"FavoritePrimes/Preview Content\"";
				DEVELOPMENT_TEAM = 59SNV64744;
				ENABLE_PREVIEWS = YES;
				GENERATE_INFOPLIST_FILE = YES;
				INFOPLIST_KEY_UIApplicationSceneManifest_Generation = YES;
				INFOPLIST_KEY_UIApplicationSupportsIndirectInputEvents = YES;
				INFOPLIST_KEY_UILaunchScreen_Generation = YES;
				INFOPLIST_KEY_UISupportedInterfaceOrientations_iPad = "UIInterfaceOrientationPortrait UIInterfaceOrientationPortraitUpsideDown UIInterfaceOrientationLandscapeLeft UIInterfaceOrientationLandscapeRight";
				INFOPLIST_KEY_UISupportedInterfaceOrientations_iPhone = "UIInterfaceOrientationPortrait UIInterfaceOrientationLandscapeLeft UIInterfaceOrientationLandscapeRight";
				LD_RUNPATH_SEARCH_PATHS = (
					"$(inherited)",
					"@executable_path/Frameworks",
				);
				MARKETING_VERSION = 1.0;
				PRODUCT_BUNDLE_IDENTIFIER = com.oluwatobiomotayo.FavoritePrimes;
				PRODUCT_NAME = "$(TARGET_NAME)";
				SWIFT_EMIT_LOC_STRINGS = YES;
				SWIFT_VERSION = 5.0;
				TARGETED_DEVICE_FAMILY = "1,2";
			};
			name = Debug;
		};
		20C142E22846372600E9C574 /* Release */ = {
			isa = XCBuildConfiguration;
			buildSettings = {
				ASSETCATALOG_COMPILER_APPICON_NAME = AppIcon;
				ASSETCATALOG_COMPILER_GLOBAL_ACCENT_COLOR_NAME = AccentColor;
				CODE_SIGN_STYLE = Automatic;
				CURRENT_PROJECT_VERSION = 1;
				DEVELOPMENT_ASSET_PATHS = "\"FavoritePrimes/Preview Content\"";
				DEVELOPMENT_TEAM = 59SNV64744;
				ENABLE_PREVIEWS = YES;
				GENERATE_INFOPLIST_FILE = YES;
				INFOPLIST_KEY_UIApplicationSceneManifest_Generation = YES;
				INFOPLIST_KEY_UIApplicationSupportsIndirectInputEvents = YES;
				INFOPLIST_KEY_UILaunchScreen_Generation = YES;
				INFOPLIST_KEY_UISupportedInterfaceOrientations_iPad = "UIInterfaceOrientationPortrait UIInterfaceOrientationPortraitUpsideDown UIInterfaceOrientationLandscapeLeft UIInterfaceOrientationLandscapeRight";
				INFOPLIST_KEY_UISupportedInterfaceOrientations_iPhone = "UIInterfaceOrientationPortrait UIInterfaceOrientationLandscapeLeft UIInterfaceOrientationLandscapeRight";
				LD_RUNPATH_SEARCH_PATHS = (
					"$(inherited)",
					"@executable_path/Frameworks",
				);
				MARKETING_VERSION = 1.0;
				PRODUCT_BUNDLE_IDENTIFIER = com.oluwatobiomotayo.FavoritePrimes;
				PRODUCT_NAME = "$(TARGET_NAME)";
				SWIFT_EMIT_LOC_STRINGS = YES;
				SWIFT_VERSION = 5.0;
				TARGETED_DEVICE_FAMILY = "1,2";
			};
			name = Release;
		};
/* End XCBuildConfiguration section */

/* Begin XCConfigurationList section */
		20C142CD2846372400E9C574 /* Build configuration list for PBXProject "FavoritePrimes" */ = {
			isa = XCConfigurationList;
			buildConfigurations = (
				20C142DE2846372600E9C574 /* Debug */,
				20C142DF2846372600E9C574 /* Release */,
			);
			defaultConfigurationIsVisible = 0;
			defaultConfigurationName = Release;
		};
		20C142E02846372600E9C574 /* Build configuration list for PBXNativeTarget "FavoritePrimes" */ = {
			isa = XCConfigurationList;
			buildConfigurations = (
				20C142E12846372600E9C574 /* Debug */,
				20C142E22846372600E9C574 /* Release */,
			);
			defaultConfigurationIsVisible = 0;
			defaultConfigurationName = Release;
		};
/* End XCConfigurationList section */
	};
	rootObject = 20C142CA2846372400E9C574 /* Project object */;
}
